
Microsoft Visual Studio Solution File, Format Version 11.00
# Visual Studio 2010
# SharpDevelop 5.1
Project("{FAE04EC0-301F-11D3-BF4B-00C04F79EFBC}") = "RobUtils", "RobUtils\RobUtils.csproj", "{DD862ABC-2014-4FCB-9F7D-9F70B6B2A9ED}"
EndProject
Project("{FAE04EC0-301F-11D3-BF4B-00C04F79EFBC}") = "EasyHttp", "EasyHttp\EasyHttp.csproj", "{9239DA70-1736-4291-8D18-266999E54445}"
EndProject
Global
	GlobalSection(SolutionConfigurationPlatforms) = preSolution
		Debug|Any CPU = Debug|Any CPU
		Release|Any CPU = Release|Any CPU
	EndGlobalSection
	GlobalSection(ProjectConfigurationPlatforms) = postSolution
		{DD862ABC-2014-4FCB-9F7D-9F70B6B2A9ED}.Debug|Any CPU.ActiveCfg = Debug|Any CPU
		{DD862ABC-2014-4FCB-9F7D-9F70B6B2A9ED}.Debug|Any CPU.Build.0 = Debug|Any CPU
		{DD862ABC-2014-4FCB-9F7D-9F70B6B2A9ED}.Release|Any CPU.ActiveCfg = Release|Any CPU
		{DD862ABC-2014-4FCB-9F7D-9F70B6B2A9ED}.Release|Any CPU.Build.0 = Release|Any CPU
		{9239DA70-1736-4291-8D18-266999E54445}.Debug|Any CPU.ActiveCfg = Debug|Any CPU
		{9239DA70-1736-4291-8D18-266999E54445}.Debug|Any CPU.Build.0 = Debug|Any CPU
		{9239DA70-1736-4291-8D18-266999E54445}.Release|Any CPU.ActiveCfg = Release|Any CPU
		{9239DA70-1736-4291-8D18-266999E54445}.Release|Any CPU.Build.0 = Release|Any CPU
	EndGlobalSection
EndGlobal
